<?xml version="1.0" encoding="utf-8"?>
<Project ToolsVersion="4.0" xmlns="http://schemas.microsoft.com/developer/msbuild/2003">
  <ItemGroup>
    <Filter Include="Archivos de código fuente">
      <UniqueIdentifier>{4FC737F1-C7A5-4376-A066-2A32D752A2FF}</UniqueIdentifier>
      <Extensions>cpp;c;cc;cxx;def;odl;idl;hpj;bat;asm;asmx</Extensions>
    </Filter>
    <Filter Include="Archivos de encabezado">
      <UniqueIdentifier>{93995380-89BD-4b04-88EB-625FBE52EBFB}</UniqueIdentifier>
      <Extensions>h;hh;hpp;hxx;hm;inl;inc;xsd</Extensions>
    </Filter>
    <Filter Include="Archivos de recursos">
      <UniqueIdentifier>{67DA6AB6-F800-4c08-8B7A-83BB121AAD01}</UniqueIdentifier>
      <Extensions>rc;ico;cur;bmp;dlg;rc2;rct;bin;rgs;gif;jpg;jpeg;jpe;resx;tiff;tif;png;wav;mfcribbon-ms</Extensions>
    </Filter>
    <Filter Include="Archivos de código fuente\lib">
      <UniqueIdentifier>{87a86470-14d3-49bd-8598-bbea1608d7cd}</UniqueIdentifier>
    </Filter>
    <Filter Include="Archivos de encabezado\lib">
      <UniqueIdentifier>{06e7aba9-d5af-406f-a656-b56c4e6b14f8}</UniqueIdentifier>
    </Filter>
  </ItemGroup>
  <ItemGroup>
    <Text Include="ReadMe.txt" />
  </ItemGroup>
  <ItemGroup>
    <ClInclude Include="lib\debug.h">
      <Filter>Archivos de encabezado\lib</Filter>
    </ClInclude>
    <ClInclude Include="lib\error.h">
      <Filter>Archivos de encabezado\lib</Filter>
    </ClInclude>
    <ClInclude Include="lib\image_png.h">
      <Filter>Archivos de encabezado\lib</Filter>
    </ClInclude>
    <ClInclude Include="lib\keyboard.h">
      <Filter>Archivos de encabezado\lib</Filter>
    </ClInclude>
    <ClInclude Include="lib\keyboard_sdl.h">
      <Filter>Archivos de encabezado\lib</Filter>
    </ClInclude>
    <ClInclude Include="lib\libreria.h">
      <Filter>Archivos de encabezado\lib</Filter>
    </ClInclude>
    <ClInclude Include="lib\mouse.h">
      <Filter>Archivos de encabezado\lib</Filter>
    </ClInclude>
    <ClInclude Include="lib\sound.h">
      <Filter>Archivos de encabezado\lib</Filter>
    </ClInclude>
    <ClInclude Include="lib\sprites.h">
      <Filter>Archivos de encabezado\lib</Filter>
    </ClInclude>
    <ClInclude Include="lib\stb_vorbis.h">
      <Filter>Archivos de encabezado\lib</Filter>
    </ClInclude>
    <ClInclude Include="lib\video.h">
      <Filter>Archivos de encabezado\lib</Filter>
    </ClInclude>
    <ClInclude Include="Joc.h">
      <Filter>Archivos de encabezado</Filter>
    </ClInclude>
    <ClInclude Include="Tauler.h">
      <Filter>Archivos de encabezado</Filter>
    </ClInclude>
    <ClInclude Include="Partida.h">
      <Filter>Archivos de encabezado</Filter>
    </ClInclude>
    <ClInclude Include="Moviment.h">
      <Filter>Archivos de encabezado</Filter>
    </ClInclude>
    <ClInclude Include="Node.h">
      <Filter>Archivos de encabezado</Filter>
    </ClInclude>
    <ClInclude Include="Cola.h">
      <Filter>Archivos de encabezado</Filter>
    </ClInclude>
  </ItemGroup>
  <ItemGroup>
    <ClCompile Include="Damas.cpp">
      <Filter>Archivos de código fuente</Filter>
    </ClCompile>
    <ClCompile Include="lib\video.cpp">
      <Filter>Archivos de código fuente\lib</Filter>
    </ClCompile>
    <ClCompile Include="lib\stb_vorbis.cpp">
      <Filter>Archivos de código fuente\lib</Filter>
    </ClCompile>
    <ClCompile Include="lib\sprites.cpp">
      <Filter>Archivos de código fuente\lib</Filter>
    </ClCompile>
    <ClCompile Include="lib\sound.cpp">
      <Filter>Archivos de código fuente\lib</Filter>
    </ClCompile>
    <ClCompile Include="lib\mouse.cpp">
      <Filter>Archivos de código fuente\lib</Filter>
    </ClCompile>
    <ClCompile Include="lib\keyboard.cpp">
      <Filter>Archivos de código fuente\lib</Filter>
    </ClCompile>
    <ClCompile Include="lib\image_png.cpp">
      <Filter>Archivos de código fuente\lib</Filter>
    </ClCompile>
    <ClCompile Include="lib\debug.cpp">
      <Filter>Archivos de código fuente\lib</Filter>
    </ClCompile>
    <ClCompile Include="Joc.cpp">
      <Filter>Archivos de código fuente</Filter>
    </ClCompile>
    <ClCompile Include="Tauler.cpp">
      <Filter>Archivos de código fuente</Filter>
    </ClCompile>
    <ClCompile Include="Partida.cpp">
      <Filter>Archivos de código fuente</Filter>
    </ClCompile>
    <ClCompile Include="Moviment.cpp">
      <Filter>Archivos de código fuente</Filter>
    </ClCompile>
    <ClCompile Include="Node.cpp">
      <Filter>Archivos de código fuente</Filter>
    </ClCompile>
    <ClCompile Include="Cola.cpp">
      <Filter>Archivos de código fuente</Filter>
    </ClCompile>
  </ItemGroup>
</Project>